
Microsoft Visual Studio Solution File, Format Version 12.00
Project("{2150E333-8FDC-42A3-9474-1A3956D46DE8}") = "Client", "Client", "{93FC62C8-1EEA-4CBB-9897-F07A26608996}"
EndProject
Project("{2150E333-8FDC-42A3-9474-1A3956D46DE8}") = "Server", "Server", "{A52DAC7F-C7F2-4B28-8802-617BDCFAC632}"
EndProject
Project("{2150E333-8FDC-42A3-9474-1A3956D46DE8}") = "Common", "Common", "{E3AA3DBA-E9D2-4611-8B4B-31C7AB6E324D}"
EndProject
Project("{FAE04EC0-301F-11D3-BF4B-00C04F79EFBC}") = "Client", "Client\Client\Client.csproj", "{651BCFCE-C974-4A8E-93AB-2797264ADC89}"
EndProject
Project("{FAE04EC0-301F-11D3-BF4B-00C04F79EFBC}") = "Client.Android", "Client\Client.Android\Client.Android.csproj", "{BE325542-DCDD-424E-8A84-0C942426583D}"
EndProject
Project("{FAE04EC0-301F-11D3-BF4B-00C04F79EFBC}") = "Client.Desktop", "Client\Client.Desktop\Client.Desktop.csproj", "{23661A7C-2982-4E70-86A3-E3F581447A2B}"
EndProject
Project("{FAE04EC0-301F-11D3-BF4B-00C04F79EFBC}") = "Client.iOS", "Client\Client.iOS\Client.iOS.csproj", "{1D7649E1-838C-4E9D-8883-F8E46936FEB4}"
EndProject
Project("{FAE04EC0-301F-11D3-BF4B-00C04F79EFBC}") = "Client.Web", "Client\Client.Web\Client.Web.csproj", "{A9F9A733-27CC-45F8-ACF6-7D83C4E0F342}"
EndProject
Project("{FAE04EC0-301F-11D3-BF4B-00C04F79EFBC}") = "Protocol", "Protocol\Protocol.csproj", "{A6B530B9-0B95-44F9-97C0-65EEC4CB808C}"
EndProject
Project("{FAE04EC0-301F-11D3-BF4B-00C04F79EFBC}") = "Server", "Server\Server.csproj", "{6B533630-8778-4910-A3A4-17FD0C87D60B}"
EndProject
Global
	GlobalSection(SolutionConfigurationPlatforms) = preSolution
		Debug|Any CPU = Debug|Any CPU
		Release|Any CPU = Release|Any CPU
	EndGlobalSection
	GlobalSection(ProjectConfigurationPlatforms) = postSolution
		{651BCFCE-C974-4A8E-93AB-2797264ADC89}.Debug|Any CPU.ActiveCfg = Debug|Any CPU
		{651BCFCE-C974-4A8E-93AB-2797264ADC89}.Debug|Any CPU.Build.0 = Debug|Any CPU
		{651BCFCE-C974-4A8E-93AB-2797264ADC89}.Release|Any CPU.ActiveCfg = Release|Any CPU
		{651BCFCE-C974-4A8E-93AB-2797264ADC89}.Release|Any CPU.Build.0 = Release|Any CPU
		{BE325542-DCDD-424E-8A84-0C942426583D}.Debug|Any CPU.ActiveCfg = Debug|Any CPU
		{BE325542-DCDD-424E-8A84-0C942426583D}.Debug|Any CPU.Build.0 = Debug|Any CPU
		{BE325542-DCDD-424E-8A84-0C942426583D}.Release|Any CPU.ActiveCfg = Release|Any CPU
		{BE325542-DCDD-424E-8A84-0C942426583D}.Release|Any CPU.Build.0 = Release|Any CPU
		{23661A7C-2982-4E70-86A3-E3F581447A2B}.Debug|Any CPU.ActiveCfg = Debug|Any CPU
		{23661A7C-2982-4E70-86A3-E3F581447A2B}.Debug|Any CPU.Build.0 = Debug|Any CPU
		{23661A7C-2982-4E70-86A3-E3F581447A2B}.Release|Any CPU.ActiveCfg = Release|Any CPU
		{23661A7C-2982-4E70-86A3-E3F581447A2B}.Release|Any CPU.Build.0 = Release|Any CPU
		{1D7649E1-838C-4E9D-8883-F8E46936FEB4}.Debug|Any CPU.ActiveCfg = Debug|Any CPU
		{1D7649E1-838C-4E9D-8883-F8E46936FEB4}.Debug|Any CPU.Build.0 = Debug|Any CPU
		{1D7649E1-838C-4E9D-8883-F8E46936FEB4}.Release|Any CPU.ActiveCfg = Release|Any CPU
		{1D7649E1-838C-4E9D-8883-F8E46936FEB4}.Release|Any CPU.Build.0 = Release|Any CPU
		{A9F9A733-27CC-45F8-ACF6-7D83C4E0F342}.Debug|Any CPU.ActiveCfg = Debug|Any CPU
		{A9F9A733-27CC-45F8-ACF6-7D83C4E0F342}.Debug|Any CPU.Build.0 = Debug|Any CPU
		{A9F9A733-27CC-45F8-ACF6-7D83C4E0F342}.Release|Any CPU.ActiveCfg = Release|Any CPU
		{A9F9A733-27CC-45F8-ACF6-7D83C4E0F342}.Release|Any CPU.Build.0 = Release|Any CPU
		{A6B530B9-0B95-44F9-97C0-65EEC4CB808C}.Debug|Any CPU.ActiveCfg = Debug|Any CPU
		{A6B530B9-0B95-44F9-97C0-65EEC4CB808C}.Debug|Any CPU.Build.0 = Debug|Any CPU
		{A6B530B9-0B95-44F9-97C0-65EEC4CB808C}.Release|Any CPU.ActiveCfg = Release|Any CPU
		{A6B530B9-0B95-44F9-97C0-65EEC4CB808C}.Release|Any CPU.Build.0 = Release|Any CPU
		{6B533630-8778-4910-A3A4-17FD0C87D60B}.Debug|Any CPU.ActiveCfg = Debug|Any CPU
		{6B533630-8778-4910-A3A4-17FD0C87D60B}.Debug|Any CPU.Build.0 = Debug|Any CPU
		{6B533630-8778-4910-A3A4-17FD0C87D60B}.Release|Any CPU.ActiveCfg = Release|Any CPU
		{6B533630-8778-4910-A3A4-17FD0C87D60B}.Release|Any CPU.Build.0 = Release|Any CPU
	EndGlobalSection
	GlobalSection(NestedProjects) = preSolution
		{651BCFCE-C974-4A8E-93AB-2797264ADC89} = {93FC62C8-1EEA-4CBB-9897-F07A26608996}
		{BE325542-DCDD-424E-8A84-0C942426583D} = {93FC62C8-1EEA-4CBB-9897-F07A26608996}
		{23661A7C-2982-4E70-86A3-E3F581447A2B} = {93FC62C8-1EEA-4CBB-9897-F07A26608996}
		{1D7649E1-838C-4E9D-8883-F8E46936FEB4} = {93FC62C8-1EEA-4CBB-9897-F07A26608996}
		{A9F9A733-27CC-45F8-ACF6-7D83C4E0F342} = {93FC62C8-1EEA-4CBB-9897-F07A26608996}
		{A6B530B9-0B95-44F9-97C0-65EEC4CB808C} = {E3AA3DBA-E9D2-4611-8B4B-31C7AB6E324D}
		{6B533630-8778-4910-A3A4-17FD0C87D60B} = {A52DAC7F-C7F2-4B28-8802-617BDCFAC632}
	EndGlobalSection
EndGlobal
